{
  "lockfileVersion": 1,
  "workspaces": {
    "": {
      "name": "recursive-oxc-transform",
      "devDependencies": {
        "@types/bun": "^1.2.8",
        "oxc-transform": "^0.63.0",
      },
      "peerDependencies": {
        "oxc-transform": "^0.63.0",
      },
    },
  },
  "packages": {
    "@emnapi/core": ["@emnapi/core@1.4.0", "", { "dependencies": { "@emnapi/wasi-threads": "1.0.1", "tslib": "^2.4.0" } }, "sha512-H+N/FqT07NmLmt6OFFtDfwe8PNygprzBikrEMyQfgqSmT0vzE515Pz7R8izwB9q/zsH/MA64AKoul3sA6/CzVg=="],

    "@emnapi/runtime": ["@emnapi/runtime@1.4.0", "", { "dependencies": { "tslib": "^2.4.0" } }, "sha512-64WYIf4UYcdLnbKn/umDlNjQDSS8AgZrI/R9+x5ilkUVFxXcA1Ebl+gQLc/6mERA4407Xof0R7wEyEuj091CVw=="],

    "@emnapi/wasi-threads": ["@emnapi/wasi-threads@1.0.1", "", { "dependencies": { "tslib": "^2.4.0" } }, "sha512-iIBu7mwkq4UQGeMEM8bLwNK962nXdhodeScX4slfQnRhEMMzvYivHhutCIk8uojvmASXXPC2WNEjwxFWk72Oqw=="],

    "@napi-rs/wasm-runtime": ["@napi-rs/wasm-runtime@0.2.8", "", { "dependencies": { "@emnapi/core": "^1.4.0", "@emnapi/runtime": "^1.4.0", "@tybys/wasm-util": "^0.9.0" } }, "sha512-OBlgKdX7gin7OIq4fadsjpg+cp2ZphvAIKucHsNfTdJiqdOmOEwQd/bHi0VwNrcw5xpBJyUw6cK/QilCqy1BSg=="],

    "@oxc-transform/binding-darwin-arm64": ["@oxc-transform/binding-darwin-arm64@0.63.0", "", { "os": "darwin", "cpu": "arm64" }, "sha512-ZXFMAjIf1/D2lSpfMJribjm5X7TdLYUHqtHsaizsNQjXv111hDUkFvqtQT0uWMMn35VdyrJATGP/MNDCzD3zQg=="],

    "@oxc-transform/binding-darwin-x64": ["@oxc-transform/binding-darwin-x64@0.63.0", "", { "os": "darwin", "cpu": "x64" }, "sha512-NJvBZcjBZNYXcpCbA+xB8efLbfc9SWAevs8vqJqBy6cO+DDCH1XULkzZm0zpZNE/T+sfUW5m9oYYntJl4hcxng=="],

    "@oxc-transform/binding-linux-arm-gnueabihf": ["@oxc-transform/binding-linux-arm-gnueabihf@0.63.0", "", { "os": "linux", "cpu": "arm" }, "sha512-FFd6qyKvQoHt8OygRqvoS/7jsFmQqu0cjP4GpxRK3wD0JEnNBIWPA9m1cIG8h/0FEy66srvguHrLfDXqB1RTMw=="],

    "@oxc-transform/binding-linux-arm64-gnu": ["@oxc-transform/binding-linux-arm64-gnu@0.63.0", "", { "os": "linux", "cpu": "arm64" }, "sha512-0TTyD6H6gndPEKIuOh0EyjybScF/i8josFIG0tnZdTOSXJcJ7qxEJtX8+UkrGWVf4aukrwe7tkjnBWiWg2kOxg=="],

    "@oxc-transform/binding-linux-arm64-musl": ["@oxc-transform/binding-linux-arm64-musl@0.63.0", "", { "os": "linux", "cpu": "arm64" }, "sha512-rD9jm2C8qOTZJLTsIpNWkqcmvbHKpvwYY7oBKNo68l0uaNEviVAbOmhgSMmaSRoZnoaLZyUSs4dL3+jIlgDnmA=="],

    "@oxc-transform/binding-linux-x64-gnu": ["@oxc-transform/binding-linux-x64-gnu@0.63.0", "", { "os": "linux", "cpu": "x64" }, "sha512-ViFD67fOShiZb8uGXYHa10JgAJUCoEdiRq6Pkwo8G4/FpRQJiUk247ub6uHD2LzMI2mb77mzNz7hq44fVc+qMw=="],

    "@oxc-transform/binding-linux-x64-musl": ["@oxc-transform/binding-linux-x64-musl@0.63.0", "", { "os": "linux", "cpu": "x64" }, "sha512-TH/qhlBpQrh5rVH4mtFTin508dLztb+m6CKrs0xcJkg7maUeFFP5jwZLAfcgO6fyIwqZDAGh6xbKkatP+T2GKQ=="],

    "@oxc-transform/binding-wasm32-wasi": ["@oxc-transform/binding-wasm32-wasi@0.63.0", "", { "dependencies": { "@napi-rs/wasm-runtime": "^0.2.8" }, "cpu": "none" }, "sha512-cjrNWd1pFZm0CmJVZ8AZ+CNWJBaQxQMuo9lbxuv9W4lo0gr0YI8zXYg8nzVo3GFuxrYyJWQs9Qy6FhXGEgmiJg=="],

    "@oxc-transform/binding-win32-arm64-msvc": ["@oxc-transform/binding-win32-arm64-msvc@0.63.0", "", { "os": "win32", "cpu": "arm64" }, "sha512-KOtdkayxoUdAdDWCuzIECp2V5+aampT7y3FMyJ2pfRksLsfKZi/uv0sh/iGD8mbg9XFpt+NeySF+xDwu/VwKLg=="],

    "@oxc-transform/binding-win32-x64-msvc": ["@oxc-transform/binding-win32-x64-msvc@0.63.0", "", { "os": "win32", "cpu": "x64" }, "sha512-+Jg5/09KWhUEX/OBi266FxnJ2uHwVi9BJPzZffqXOHwb3OLrDo/EghIGbqvxU/xVVizV4h0AztdFXg9FzneBRw=="],

    "@tybys/wasm-util": ["@tybys/wasm-util@0.9.0", "", { "dependencies": { "tslib": "^2.4.0" } }, "sha512-6+7nlbMVX/PVDCwaIQ8nTOPveOcFLSt8GcXdx8hD0bt39uWxYT88uXzqTd4fTvqta7oeUJqudepapKNt2DYJFw=="],

    "@types/bun": ["@types/bun@1.2.8", "", { "dependencies": { "bun-types": "1.2.7" } }, "sha512-t8L1RvJVUghW5V+M/fL3Thbxcs0HwNsXsnTEBEfEVqGteiJToOlZ/fyOEaR1kZsNqnu+3XA4RI/qmnX4w6+S+w=="],

    "@types/node": ["@types/node@22.13.14", "", { "dependencies": { "undici-types": "~6.20.0" } }, "sha512-Zs/Ollc1SJ8nKUAgc7ivOEdIBM8JAKgrqqUYi2J997JuKO7/tpQC+WCetQ1sypiKCQWHdvdg9wBNpUPEWZae7w=="],

    "@types/ws": ["@types/ws@8.18.0", "", { "dependencies": { "@types/node": "*" } }, "sha512-8svvI3hMyvN0kKCJMvTJP/x6Y/EoQbepff882wL+Sn5QsXb3etnamgrJq4isrBxSJj5L2AuXcI0+bgkoAXGUJw=="],

    "bun-types": ["bun-types@1.2.7", "", { "dependencies": { "@types/node": "*", "@types/ws": "*" } }, "sha512-P4hHhk7kjF99acXqKvltyuMQ2kf/rzIw3ylEDpCxDS9Xa0X0Yp/gJu/vDCucmWpiur5qJ0lwB2bWzOXa2GlHqA=="],

    "oxc-transform": ["oxc-transform@0.63.0", "", { "optionalDependencies": { "@oxc-transform/binding-darwin-arm64": "0.63.0", "@oxc-transform/binding-darwin-x64": "0.63.0", "@oxc-transform/binding-linux-arm-gnueabihf": "0.63.0", "@oxc-transform/binding-linux-arm64-gnu": "0.63.0", "@oxc-transform/binding-linux-arm64-musl": "0.63.0", "@oxc-transform/binding-linux-x64-gnu": "0.63.0", "@oxc-transform/binding-linux-x64-musl": "0.63.0", "@oxc-transform/binding-wasm32-wasi": "0.63.0", "@oxc-transform/binding-win32-arm64-msvc": "0.63.0", "@oxc-transform/binding-win32-x64-msvc": "0.63.0" } }, "sha512-lmuGJ6pCDUSJ5iEF+P/GuMett0TRhwDl96vQxWRT5l3YqmgmO/idXYOgusxDOvxxx5eFi0OiZ6+9bWKf5XNZdQ=="],

    "tslib": ["tslib@2.8.1", "", {}, "sha512-oJFu94HQb+KVduSUQL7wnpmqnfmLsOA/nAh6b6EH0wCEoK0/mPeXU6c3wKDV83MkOuHPRHtSXKKU99IBazS/2w=="],

    "undici-types": ["undici-types@6.20.0", "", {}, "sha512-Ny6QZ2Nju20vw1SRHe3d9jVu6gJ+4e3+MMpqu7pqE5HT6WsTSlce++GQmK5UXS8mzV8DSYHrQH+Xrf2jVcuKNg=="],
  }
}
